
Microsoft Visual Studio Solution File, Format Version 12.00
# Visual Studio Version 17
VisualStudioVersion = 17.10.35122.118
MinimumVisualStudioVersion = 10.0.40219.1
Project("{FAE04EC0-301F-11D3-BF4B-00C04F79EFBC}") = "PatikaLINQ2", "PatikaLINQ2\PatikaLINQ2.csproj", "{3EE9DFD5-4FB5-42D7-8173-B4EA2610D5E6}"
EndProject
Global
	GlobalSection(SolutionConfigurationPlatforms) = preSolution
		Debug|Any CPU = Debug|Any CPU
		Release|Any CPU = Release|Any CPU
	EndGlobalSection
	GlobalSection(ProjectConfigurationPlatforms) = postSolution
		{3EE9DFD5-4FB5-42D7-8173-B4EA2610D5E6}.Debug|Any CPU.ActiveCfg = Debug|Any CPU
		{3EE9DFD5-4FB5-42D7-8173-B4EA2610D5E6}.Debug|Any CPU.Build.0 = Debug|Any CPU
		{3EE9DFD5-4FB5-42D7-8173-B4EA2610D5E6}.Release|Any CPU.ActiveCfg = Release|Any CPU
		{3EE9DFD5-4FB5-42D7-8173-B4EA2610D5E6}.Release|Any CPU.Build.0 = Release|Any CPU
	EndGlobalSection
	GlobalSection(SolutionProperties) = preSolution
		HideSolutionNode = FALSE
	EndGlobalSection
	GlobalSection(ExtensibilityGlobals) = postSolution
		SolutionGuid = {1065AF99-19BB-493E-B30E-4D9E85DDF5CA}
	EndGlobalSection
EndGlobal
